// !$*UTF8*$!
{
	archiveVersion = 1;
	classes = {
	};
	objectVersion = 46;
	objects = {

/* Begin PBXBuildFile section */
		41327CDB1AF91F6E004D3AF3 /* main.m in Sources */ = {isa = PBXBuildFile; fileRef = 41327CDA1AF91F6E004D3AF3 /* main.m */; };
		41327CDE1AF91F6E004D3AF3 /* AppDelegate.m in Sources */ = {isa = PBXBuildFile; fileRef = 41327CDD1AF91F6E004D3AF3 /* AppDelegate.m */; };
		41327CE71AF91F6E004D3AF3 /* Main.storyboard in Resources */ = {isa = PBXBuildFile; fileRef = 41327CE51AF91F6E004D3AF3 /* Main.storyboard */; };
		41327CEC1AF91F6E004D3AF3 /* LaunchScreen.xib in Resources */ = {isa = PBXBuildFile; fileRef = 41327CEA1AF91F6E004D3AF3 /* LaunchScreen.xib */; };
		41327CF81AF91F6E004D3AF3 /* STETests.m in Sources */ = {isa = PBXBuildFile; fileRef = 41327CF71AF91F6E004D3AF3 /* STETests.m */; };
		413EA8851B1B204B009BC6B8 /* MoreTableViewController.m in Sources */ = {isa = PBXBuildFile; fileRef = 413EA8841B1B204B009BC6B8 /* MoreTableViewController.m */; };
		413EA8881B1B52F7009BC6B8 /* MoreSegmentTableViewCell.m in Sources */ = {isa = PBXBuildFile; fileRef = 413EA8871B1B52F7009BC6B8 /* MoreSegmentTableViewCell.m */; };
		413EA88B1B1B5307009BC6B8 /* MoreSwitchTableViewCell.m in Sources */ = {isa = PBXBuildFile; fileRef = 413EA88A1B1B5307009BC6B8 /* MoreSwitchTableViewCell.m */; };
		4167395F1AFBC8E100E5945A /* STE.xcdatamodeld in Sources */ = {isa = PBXBuildFile; fileRef = 4167395D1AFBC8E100E5945A /* STE.xcdatamodeld */; };
		4193E42D1B12244600C59DED /* QuestionResultViewController.m in Sources */ = {isa = PBXBuildFile; fileRef = 4193E42C1B12244600C59DED /* QuestionResultViewController.m */; };
		4193E4341B13836000C59DED /* FavoriteTableViewController.m in Sources */ = {isa = PBXBuildFile; fileRef = 4193E4331B13836000C59DED /* FavoriteTableViewController.m */; };
		4193E4371B1383A200C59DED /* FavoriteTableViewCell.m in Sources */ = {isa = PBXBuildFile; fileRef = 4193E4361B1383A200C59DED /* FavoriteTableViewCell.m */; };
		4193E43A1B14BB1B00C59DED /* HistoryTableViewController.m in Sources */ = {isa = PBXBuildFile; fileRef = 4193E4391B14BB1B00C59DED /* HistoryTableViewController.m */; };
		4193E43D1B14CC6000C59DED /* ChaptersAndSections.m in Sources */ = {isa = PBXBuildFile; fileRef = 4193E43C1B14CC6000C59DED /* ChaptersAndSections.m */; };
		4193E4401B16260A00C59DED /* ExamTableViewController.m in Sources */ = {isa = PBXBuildFile; fileRef = 4193E43F1B16260A00C59DED /* ExamTableViewController.m */; };
		4193E4431B16282B00C59DED /* ExamTableViewCell.m in Sources */ = {isa = PBXBuildFile; fileRef = 4193E4421B16282B00C59DED /* ExamTableViewCell.m */; };
		41B2C2081AFF3E970009B582 /* questions.plist in Resources */ = {isa = PBXBuildFile; fileRef = 41B2C2071AFF3E970009B582 /* questions.plist */; };
		41B2C2401B00E81F0009B582 /* QuestionBankTableViewController.m in Sources */ = {isa = PBXBuildFile; fileRef = 41B2C23F1B00E81F0009B582 /* QuestionBankTableViewController.m */; };
		41B2C2431B00F2810009B582 /* TreeNode.m in Sources */ = {isa = PBXBuildFile; fileRef = 41B2C2421B00F2810009B582 /* TreeNode.m */; };
		41C306D21B02503A00C5B527 /* QuestionBankTableViewCell.m in Sources */ = {isa = PBXBuildFile; fileRef = 41C306D11B02503A00C5B527 /* QuestionBankTableViewCell.m */; };
		41C306D81B0355DF00C5B527 /* securities.plist in Resources */ = {isa = PBXBuildFile; fileRef = 41C306D71B0355DF00C5B527 /* securities.plist */; };
		41C306DB1B0366DA00C5B527 /* QuestionTableViewCell.m in Sources */ = {isa = PBXBuildFile; fileRef = 41C306DA1B0366DA00C5B527 /* QuestionTableViewCell.m */; };
		41C306E11B03675000C5B527 /* QuestionTableViewController.m in Sources */ = {isa = PBXBuildFile; fileRef = 41C306E01B03675000C5B527 /* QuestionTableViewController.m */; };
		41C5DDBA1B5A391A008E3BB5 /* STESettings.m in Sources */ = {isa = PBXBuildFile; fileRef = 41C5DDB91B5A391A008E3BB5 /* STESettings.m */; };
		41C5DDBD1B5B9B8A008E3BB5 /* AnswerSheetView.m in Sources */ = {isa = PBXBuildFile; fileRef = 41C5DDBC1B5B9B8A008E3BB5 /* AnswerSheetView.m */; };
		41F205CE1B26029E009DF0E1 /* PopupMenu.m in Sources */ = {isa = PBXBuildFile; fileRef = 41F205C71B26029E009DF0E1 /* PopupMenu.m */; };
		41F205CF1B26029E009DF0E1 /* MenuView.m in Sources */ = {isa = PBXBuildFile; fileRef = 41F205C91B26029E009DF0E1 /* MenuView.m */; };
		41F205D01B26029E009DF0E1 /* MenuOverlay.m in Sources */ = {isa = PBXBuildFile; fileRef = 41F205CB1B26029E009DF0E1 /* MenuOverlay.m */; };
		41F205D11B26029E009DF0E1 /* MenuItem.m in Sources */ = {isa = PBXBuildFile; fileRef = 41F205CD1B26029E009DF0E1 /* MenuItem.m */; };
		41F205E31B288D2C009DF0E1 /* Image.xcassets in Resources */ = {isa = PBXBuildFile; fileRef = 41F205E21B288D2C009DF0E1 /* Image.xcassets */; };
/* End PBXBuildFile section */

/* Begin PBXContainerItemProxy section */
		41327CF21AF91F6E004D3AF3 /* PBXContainerItemProxy */ = {
			isa = PBXContainerItemProxy;
			containerPortal = 41327CCD1AF91F6E004D3AF3 /* Project object */;
			proxyType = 1;
			remoteGlobalIDString = 41327CD41AF91F6E004D3AF3;
			remoteInfo = STE;
		};
/* End PBXContainerItemProxy section */

/* Begin PBXFileReference section */
		41327CD51AF91F6E004D3AF3 /* STE.app */ = {isa = PBXFileReference; explicitFileType = wrapper.application; includeInIndex = 0; path = STE.app; sourceTree = BUILT_PRODUCTS_DIR; };
		41327CD91AF91F6E004D3AF3 /* Info.plist */ = {isa = PBXFileReference; lastKnownFileType = text.plist.xml; path = Info.plist; sourceTree = "<group>"; };
		41327CDA1AF91F6E004D3AF3 /* main.m */ = {isa = PBXFileReference; lastKnownFileType = sourcecode.c.objc; path = main.m; sourceTree = "<group>"; };
		41327CDC1AF91F6E004D3AF3 /* AppDelegate.h */ = {isa = PBXFileReference; lastKnownFileType = sourcecode.c.h; path = AppDelegate.h; sourceTree = "<group>"; };
		41327CDD1AF91F6E004D3AF3 /* AppDelegate.m */ = {isa = PBXFileReference; lastKnownFileType = sourcecode.c.objc; path = AppDelegate.m; sourceTree = "<group>"; };
		41327CE61AF91F6E004D3AF3 /* Base */ = {isa = PBXFileReference; lastKnownFileType = file.storyboard; name = Base; path = Base.lproj/Main.storyboard; sourceTree = "<group>"; };
		41327CEB1AF91F6E004D3AF3 /* Base */ = {isa = PBXFileReference; lastKnownFileType = file.xib; name = Base; path = Base.lproj/LaunchScreen.xib; sourceTree = "<group>"; };
		41327CF11AF91F6E004D3AF3 /* STETests.xctest */ = {isa = PBXFileReference; explicitFileType = wrapper.cfbundle; includeInIndex = 0; path = STETests.xctest; sourceTree = BUILT_PRODUCTS_DIR; };
		41327CF61AF91F6E004D3AF3 /* Info.plist */ = {isa = PBXFileReference; lastKnownFileType = text.plist.xml; path = Info.plist; sourceTree = "<group>"; };
		41327CF71AF91F6E004D3AF3 /* STETests.m */ = {isa = PBXFileReference; lastKnownFileType = sourcecode.c.objc; path = STETests.m; sourceTree = "<group>"; };
		413EA8831B1B204B009BC6B8 /* MoreTableViewController.h */ = {isa = PBXFileReference; fileEncoding = 4; lastKnownFileType = sourcecode.c.h; path = MoreTableViewController.h; sourceTree = "<group>"; };
		413EA8841B1B204B009BC6B8 /* MoreTableViewController.m */ = {isa = PBXFileReference; fileEncoding = 4; lastKnownFileType = sourcecode.c.objc; path = MoreTableViewController.m; sourceTree = "<group>"; };
		413EA8861B1B52F7009BC6B8 /* MoreSegmentTableViewCell.h */ = {isa = PBXFileReference; fileEncoding = 4; lastKnownFileType = sourcecode.c.h; path = MoreSegmentTableViewCell.h; sourceTree = "<group>"; };
		413EA8871B1B52F7009BC6B8 /* MoreSegmentTableViewCell.m */ = {isa = PBXFileReference; fileEncoding = 4; lastKnownFileType = sourcecode.c.objc; path = MoreSegmentTableViewCell.m; sourceTree = "<group>"; };
		413EA8891B1B5307009BC6B8 /* MoreSwitchTableViewCell.h */ = {isa = PBXFileReference; fileEncoding = 4; lastKnownFileType = sourcecode.c.h; path = MoreSwitchTableViewCell.h; sourceTree = "<group>"; };
		413EA88A1B1B5307009BC6B8 /* MoreSwitchTableViewCell.m */ = {isa = PBXFileReference; fileEncoding = 4; lastKnownFileType = sourcecode.c.objc; path = MoreSwitchTableViewCell.m; sourceTree = "<group>"; };
		4167395E1AFBC8E100E5945A /* STE.xcdatamodel */ = {isa = PBXFileReference; lastKnownFileType = wrapper.xcdatamodel; path = STE.xcdatamodel; sourceTree = "<group>"; };
		4193E42B1B12244600C59DED /* QuestionResultViewController.h */ = {isa = PBXFileReference; fileEncoding = 4; lastKnownFileType = sourcecode.c.h; path = QuestionResultViewController.h; sourceTree = "<group>"; };
		4193E42C1B12244600C59DED /* QuestionResultViewController.m */ = {isa = PBXFileReference; fileEncoding = 4; lastKnownFileType = sourcecode.c.objc; path = QuestionResultViewController.m; sourceTree = "<group>"; };
		4193E4321B13836000C59DED /* FavoriteTableViewController.h */ = {isa = PBXFileReference; fileEncoding = 4; lastKnownFileType = sourcecode.c.h; path = FavoriteTableViewController.h; sourceTree = "<group>"; };
		4193E4331B13836000C59DED /* FavoriteTableViewController.m */ = {isa = PBXFileReference; fileEncoding = 4; lastKnownFileType = sourcecode.c.objc; path = FavoriteTableViewController.m; sourceTree = "<group>"; };
		4193E4351B1383A200C59DED /* FavoriteTableViewCell.h */ = {isa = PBXFileReference; fileEncoding = 4; lastKnownFileType = sourcecode.c.h; path = FavoriteTableViewCell.h; sourceTree = "<group>"; };
		4193E4361B1383A200C59DED /* FavoriteTableViewCell.m */ = {isa = PBXFileReference; fileEncoding = 4; lastKnownFileType = sourcecode.c.objc; path = FavoriteTableViewCell.m; sourceTree = "<group>"; };
		4193E4381B14BB1B00C59DED /* HistoryTableViewController.h */ = {isa = PBXFileReference; fileEncoding = 4; lastKnownFileType = sourcecode.c.h; path = HistoryTableViewController.h; sourceTree = "<group>"; };
		4193E4391B14BB1B00C59DED /* HistoryTableViewController.m */ = {isa = PBXFileReference; fileEncoding = 4; lastKnownFileType = sourcecode.c.objc; path = HistoryTableViewController.m; sourceTree = "<group>"; };
		4193E43B1B14CC6000C59DED /* ChaptersAndSections.h */ = {isa = PBXFileReference; fileEncoding = 4; lastKnownFileType = sourcecode.c.h; path = ChaptersAndSections.h; sourceTree = "<group>"; };
		4193E43C1B14CC6000C59DED /* ChaptersAndSections.m */ = {isa = PBXFileReference; fileEncoding = 4; lastKnownFileType = sourcecode.c.objc; path = ChaptersAndSections.m; sourceTree = "<group>"; };
		4193E43E1B16260A00C59DED /* ExamTableViewController.h */ = {isa = PBXFileReference; fileEncoding = 4; lastKnownFileType = sourcecode.c.h; path = ExamTableViewController.h; sourceTree = "<group>"; };
		4193E43F1B16260A00C59DED /* ExamTableViewController.m */ = {isa = PBXFileReference; fileEncoding = 4; lastKnownFileType = sourcecode.c.objc; path = ExamTableViewController.m; sourceTree = "<group>"; };
		4193E4411B16282B00C59DED /* ExamTableViewCell.h */ = {isa = PBXFileReference; fileEncoding = 4; lastKnownFileType = sourcecode.c.h; path = ExamTableViewCell.h; sourceTree = "<group>"; };
		4193E4421B16282B00C59DED /* ExamTableViewCell.m */ = {isa = PBXFileReference; fileEncoding = 4; lastKnownFileType = sourcecode.c.objc; path = ExamTableViewCell.m; sourceTree = "<group>"; };
		41B2C2071AFF3E970009B582 /* questions.plist */ = {isa = PBXFileReference; fileEncoding = 4; lastKnownFileType = text.plist.xml; path = questions.plist; sourceTree = "<group>"; };
		41B2C23E1B00E81F0009B582 /* QuestionBankTableViewController.h */ = {isa = PBXFileReference; fileEncoding = 4; lastKnownFileType = sourcecode.c.h; path = QuestionBankTableViewController.h; sourceTree = "<group>"; };
		41B2C23F1B00E81F0009B582 /* QuestionBankTableViewController.m */ = {isa = PBXFileReference; fileEncoding = 4; lastKnownFileType = sourcecode.c.objc; path = QuestionBankTableViewController.m; sourceTree = "<group>"; };
		41B2C2411B00F2810009B582 /* TreeNode.h */ = {isa = PBXFileReference; fileEncoding = 4; lastKnownFileType = sourcecode.c.h; path = TreeNode.h; sourceTree = "<group>"; };
		41B2C2421B00F2810009B582 /* TreeNode.m */ = {isa = PBXFileReference; fileEncoding = 4; lastKnownFileType = sourcecode.c.objc; path = TreeNode.m; sourceTree = "<group>"; };
		41C306D01B02503A00C5B527 /* QuestionBankTableViewCell.h */ = {isa = PBXFileReference; fileEncoding = 4; lastKnownFileType = sourcecode.c.h; path = QuestionBankTableViewCell.h; sourceTree = "<group>"; };
		41C306D11B02503A00C5B527 /* QuestionBankTableViewCell.m */ = {isa = PBXFileReference; fileEncoding = 4; lastKnownFileType = sourcecode.c.objc; path = QuestionBankTableViewCell.m; sourceTree = "<group>"; };
		41C306D71B0355DF00C5B527 /* securities.plist */ = {isa = PBXFileReference; fileEncoding = 4; lastKnownFileType = text.plist.xml; path = securities.plist; sourceTree = "<group>"; };
		41C306D91B0366DA00C5B527 /* QuestionTableViewCell.h */ = {isa = PBXFileReference; fileEncoding = 4; lastKnownFileType = sourcecode.c.h; path = QuestionTableViewCell.h; sourceTree = "<group>"; };
		41C306DA1B0366DA00C5B527 /* QuestionTableViewCell.m */ = {isa = PBXFileReference; fileEncoding = 4; lastKnownFileType = sourcecode.c.objc; path = QuestionTableViewCell.m; sourceTree = "<group>"; };
		41C306DF1B03675000C5B527 /* QuestionTableViewController.h */ = {isa = PBXFileReference; fileEncoding = 4; lastKnownFileType = sourcecode.c.h; path = QuestionTableViewController.h; sourceTree = "<group>"; };
		41C306E01B03675000C5B527 /* QuestionTableViewController.m */ = {isa = PBXFileReference; fileEncoding = 4; lastKnownFileType = sourcecode.c.objc; path = QuestionTableViewController.m; sourceTree = "<group>"; };
		41C5DDB81B5A391A008E3BB5 /* STESettings.h */ = {isa = PBXFileReference; fileEncoding = 4; lastKnownFileType = sourcecode.c.h; path = STESettings.h; sourceTree = "<group>"; };
		41C5DDB91B5A391A008E3BB5 /* STESettings.m */ = {isa = PBXFileReference; fileEncoding = 4; lastKnownFileType = sourcecode.c.objc; path = STESettings.m; sourceTree = "<group>"; };
		41C5DDBB1B5B9B8A008E3BB5 /* AnswerSheetView.h */ = {isa = PBXFileReference; fileEncoding = 4; lastKnownFileType = sourcecode.c.h; path = AnswerSheetView.h; sourceTree = "<group>"; };
		41C5DDBC1B5B9B8A008E3BB5 /* AnswerSheetView.m */ = {isa = PBXFileReference; fileEncoding = 4; lastKnownFileType = sourcecode.c.objc; path = AnswerSheetView.m; sourceTree = "<group>"; };
		41F205C61B26029E009DF0E1 /* PopupMenu.h */ = {isa = PBXFileReference; fileEncoding = 4; lastKnownFileType = sourcecode.c.h; path = PopupMenu.h; sourceTree = "<group>"; };
		41F205C71B26029E009DF0E1 /* PopupMenu.m */ = {isa = PBXFileReference; fileEncoding = 4; lastKnownFileType = sourcecode.c.objc; path = PopupMenu.m; sourceTree = "<group>"; };
		41F205C81B26029E009DF0E1 /* MenuView.h */ = {isa = PBXFileReference; fileEncoding = 4; lastKnownFileType = sourcecode.c.h; path = MenuView.h; sourceTree = "<group>"; };
		41F205C91B26029E009DF0E1 /* MenuView.m */ = {isa = PBXFileReference; fileEncoding = 4; lastKnownFileType = sourcecode.c.objc; path = MenuView.m; sourceTree = "<group>"; };
		41F205CA1B26029E009DF0E1 /* MenuOverlay.h */ = {isa = PBXFileReference; fileEncoding = 4; lastKnownFileType = sourcecode.c.h; path = MenuOverlay.h; sourceTree = "<group>"; };
		41F205CB1B26029E009DF0E1 /* MenuOverlay.m */ = {isa = PBXFileReference; fileEncoding = 4; lastKnownFileType = sourcecode.c.objc; path = MenuOverlay.m; sourceTree = "<group>"; };
		41F205CC1B26029E009DF0E1 /* MenuItem.h */ = {isa = PBXFileReference; fileEncoding = 4; lastKnownFileType = sourcecode.c.h; path = MenuItem.h; sourceTree = "<group>"; };
		41F205CD1B26029E009DF0E1 /* MenuItem.m */ = {isa = PBXFileReference; fileEncoding = 4; lastKnownFileType = sourcecode.c.objc; path = MenuItem.m; sourceTree = "<group>"; };
		41F205E21B288D2C009DF0E1 /* Image.xcassets */ = {isa = PBXFileReference; lastKnownFileType = folder.assetcatalog; name = Image.xcassets; path = ../Image.xcassets; sourceTree = "<group>"; };
/* End PBXFileReference section */

/* Begin PBXFrameworksBuildPhase section */
		41327CD21AF91F6E004D3AF3 /* Frameworks */ = {
			isa = PBXFrameworksBuildPhase;
			buildActionMask = 2147483647;
			files = (
			);
			runOnlyForDeploymentPostprocessing = 0;
		};
		41327CEE1AF91F6E004D3AF3 /* Frameworks */ = {
			isa = PBXFrameworksBuildPhase;
			buildActionMask = 2147483647;
			files = (
			);
			runOnlyForDeploymentPostprocessing = 0;
		};
/* End PBXFrameworksBuildPhase section */

/* Begin PBXGroup section */
		41327CCC1AF91F6E004D3AF3 = {
			isa = PBXGroup;
			children = (
				41C104DB1B0E1BD400F671BD /* PopMenu */,
				41327CD71AF91F6E004D3AF3 /* STE */,
				41327CF41AF91F6E004D3AF3 /* STETests */,
				41327CD61AF91F6E004D3AF3 /* Products */,
			);
			sourceTree = "<group>";
		};
		41327CD61AF91F6E004D3AF3 /* Products */ = {
			isa = PBXGroup;
			children = (
				41327CD51AF91F6E004D3AF3 /* STE.app */,
				41327CF11AF91F6E004D3AF3 /* STETests.xctest */,
			);
			name = Products;
			sourceTree = "<group>";
		};
		41327CD71AF91F6E004D3AF3 /* STE */ = {
			isa = PBXGroup;
			children = (
				41F205E21B288D2C009DF0E1 /* Image.xcassets */,
				41C5DDBB1B5B9B8A008E3BB5 /* AnswerSheetView.h */,
				41C5DDBC1B5B9B8A008E3BB5 /* AnswerSheetView.m */,
				41C306DF1B03675000C5B527 /* QuestionTableViewController.h */,
				41C306E01B03675000C5B527 /* QuestionTableViewController.m */,
				41C306D91B0366DA00C5B527 /* QuestionTableViewCell.h */,
				41C306DA1B0366DA00C5B527 /* QuestionTableViewCell.m */,
				41C306D71B0355DF00C5B527 /* securities.plist */,
				41B2C2071AFF3E970009B582 /* questions.plist */,
				41327CDC1AF91F6E004D3AF3 /* AppDelegate.h */,
				41327CDD1AF91F6E004D3AF3 /* AppDelegate.m */,
				41327CE51AF91F6E004D3AF3 /* Main.storyboard */,
				4193E4381B14BB1B00C59DED /* HistoryTableViewController.h */,
				4193E4391B14BB1B00C59DED /* HistoryTableViewController.m */,
				413EA8831B1B204B009BC6B8 /* MoreTableViewController.h */,
				413EA8841B1B204B009BC6B8 /* MoreTableViewController.m */,
				413EA8861B1B52F7009BC6B8 /* MoreSegmentTableViewCell.h */,
				413EA8871B1B52F7009BC6B8 /* MoreSegmentTableViewCell.m */,
				413EA8891B1B5307009BC6B8 /* MoreSwitchTableViewCell.h */,
				413EA88A1B1B5307009BC6B8 /* MoreSwitchTableViewCell.m */,
				4193E43E1B16260A00C59DED /* ExamTableViewController.h */,
				4193E43F1B16260A00C59DED /* ExamTableViewController.m */,
				4193E4411B16282B00C59DED /* ExamTableViewCell.h */,
				4193E4421B16282B00C59DED /* ExamTableViewCell.m */,
				4193E42B1B12244600C59DED /* QuestionResultViewController.h */,
				4193E42C1B12244600C59DED /* QuestionResultViewController.m */,
				41B2C23E1B00E81F0009B582 /* QuestionBankTableViewController.h */,
				41B2C23F1B00E81F0009B582 /* QuestionBankTableViewController.m */,
				41C306D01B02503A00C5B527 /* QuestionBankTableViewCell.h */,
				41C306D11B02503A00C5B527 /* QuestionBankTableViewCell.m */,
				4193E4321B13836000C59DED /* FavoriteTableViewController.h */,
				4193E4331B13836000C59DED /* FavoriteTableViewController.m */,
				4193E4351B1383A200C59DED /* FavoriteTableViewCell.h */,
				4193E4361B1383A200C59DED /* FavoriteTableViewCell.m */,
				41327CEA1AF91F6E004D3AF3 /* LaunchScreen.xib */,
				41327CD81AF91F6E004D3AF3 /* Supporting Files */,
				4167395D1AFBC8E100E5945A /* STE.xcdatamodeld */,
				41B2C2411B00F2810009B582 /* TreeNode.h */,
				41B2C2421B00F2810009B582 /* TreeNode.m */,
				4193E43B1B14CC6000C59DED /* ChaptersAndSections.h */,
				4193E43C1B14CC6000C59DED /* ChaptersAndSections.m */,
				41C5DDB81B5A391A008E3BB5 /* STESettings.h */,
				41C5DDB91B5A391A008E3BB5 /* STESettings.m */,
			);
			path = STE;
			sourceTree = "<group>";
		};
		41327CD81AF91F6E004D3AF3 /* Supporting Files */ = {
			isa = PBXGroup;
			children = (
				41327CD91AF91F6E004D3AF3 /* Info.plist */,
				41327CDA1AF91F6E004D3AF3 /* main.m */,
			);
			name = "Supporting Files";
			sourceTree = "<group>";
		};
		41327CF41AF91F6E004D3AF3 /* STETests */ = {
			isa = PBXGroup;
			children = (
				41327CF71AF91F6E004D3AF3 /* STETests.m */,
				41327CF51AF91F6E004D3AF3 /* Supporting Files */,
			);
			path = STETests;
			sourceTree = "<group>";
		};
		41327CF51AF91F6E004D3AF3 /* Supporting Files */ = {
			isa = PBXGroup;
			children = (
				41327CF61AF91F6E004D3AF3 /* Info.plist */,
			);
			name = "Supporting Files";
			sourceTree = "<group>";
		};
		41C104DB1B0E1BD400F671BD /* PopMenu */ = {
			isa = PBXGroup;
			children = (
				41F205C61B26029E009DF0E1 /* PopupMenu.h */,
				41F205C71B26029E009DF0E1 /* PopupMenu.m */,
				41F205C81B26029E009DF0E1 /* MenuView.h */,
				41F205C91B26029E009DF0E1 /* MenuView.m */,
				41F205CA1B26029E009DF0E1 /* MenuOverlay.h */,
				41F205CB1B26029E009DF0E1 /* MenuOverlay.m */,
				41F205CC1B26029E009DF0E1 /* MenuItem.h */,
				41F205CD1B26029E009DF0E1 /* MenuItem.m */,
			);
			name = PopMenu;
			sourceTree = "<group>";
		};
/* End PBXGroup section */

/* Begin PBXNativeTarget section */
		41327CD41AF91F6E004D3AF3 /* STE */ = {
			isa = PBXNativeTarget;
			buildConfigurationList = 41327CFB1AF91F6E004D3AF3 /* Build configuration list for PBXNativeTarget "STE" */;
			buildPhases = (
				41327CD11AF91F6E004D3AF3 /* Sources */,
				41327CD21AF91F6E004D3AF3 /* Frameworks */,
				41327CD31AF91F6E004D3AF3 /* Resources */,
			);
			buildRules = (
			);
			dependencies = (
			);
			name = STE;
			productName = STE;
			productReference = 41327CD51AF91F6E004D3AF3 /* STE.app */;
			productType = "com.apple.product-type.application";
		};
		41327CF01AF91F6E004D3AF3 /* STETests */ = {
			isa = PBXNativeTarget;
			buildConfigurationList = 41327CFE1AF91F6E004D3AF3 /* Build configuration list for PBXNativeTarget "STETests" */;
			buildPhases = (
				41327CED1AF91F6E004D3AF3 /* Sources */,
				41327CEE1AF91F6E004D3AF3 /* Frameworks */,
				41327CEF1AF91F6E004D3AF3 /* Resources */,
			);
			buildRules = (
			);
			dependencies = (
				41327CF31AF91F6E004D3AF3 /* PBXTargetDependency */,
			);
			name = STETests;
			productName = STETests;
			productReference = 41327CF11AF91F6E004D3AF3 /* STETests.xctest */;
			productType = "com.apple.product-type.bundle.unit-test";
		};
/* End PBXNativeTarget section */

/* Begin PBXProject section */
		41327CCD1AF91F6E004D3AF3 /* Project object */ = {
			isa = PBXProject;
			attributes = {
				LastUpgradeCheck = 0630;
				ORGANIZATIONNAME = yiqiao;
				TargetAttributes = {
					41327CD41AF91F6E004D3AF3 = {
						CreatedOnToolsVersion = 6.3;
						DevelopmentTeam = SFEK395MS5;
					};
					41327CF01AF91F6E004D3AF3 = {
						CreatedOnToolsVersion = 6.3;
						TestTargetID = 41327CD41AF91F6E004D3AF3;
					};
				};
			};
			buildConfigurationList = 41327CD01AF91F6E004D3AF3 /* Build configuration list for PBXProject "STE" */;
			compatibilityVersion = "Xcode 3.2";
			developmentRegion = English;
			hasScannedForEncodings = 0;
			knownRegions = (
				en,
				Base,
			);
			mainGroup = 41327CCC1AF91F6E004D3AF3;
			productRefGroup = 41327CD61AF91F6E004D3AF3 /* Products */;
			projectDirPath = "";
			projectRoot = "";
			targets = (
				41327CD41AF91F6E004D3AF3 /* STE */,
				41327CF01AF91F6E004D3AF3 /* STETests */,
			);
		};
/* End PBXProject section */

/* Begin PBXResourcesBuildPhase section */
		41327CD31AF91F6E004D3AF3 /* Resources */ = {
			isa = PBXResourcesBuildPhase;
			buildActionMask = 2147483647;
			files = (
				41B2C2081AFF3E970009B582 /* questions.plist in Resources */,
				41327CE71AF91F6E004D3AF3 /* Main.storyboard in Resources */,
				41F205E31B288D2C009DF0E1 /* Image.xcassets in Resources */,
				41327CEC1AF91F6E004D3AF3 /* LaunchScreen.xib in Resources */,
				41C306D81B0355DF00C5B527 /* securities.plist in Resources */,
			);
			runOnlyForDeploymentPostprocessing = 0;
		};
		41327CEF1AF91F6E004D3AF3 /* Resources */ = {
			isa = PBXResourcesBuildPhase;
			buildActionMask = 2147483647;
			files = (
			);
			runOnlyForDeploymentPostprocessing = 0;
		};
/* End PBXResourcesBuildPhase section */

/* Begin PBXSourcesBuildPhase section */
		41327CD11AF91F6E004D3AF3 /* Sources */ = {
			isa = PBXSourcesBuildPhase;
			buildActionMask = 2147483647;
			files = (
				4193E43A1B14BB1B00C59DED /* HistoryTableViewController.m in Sources */,
				41F205D11B26029E009DF0E1 /* MenuItem.m in Sources */,
				41B2C2431B00F2810009B582 /* TreeNode.m in Sources */,
				41327CDE1AF91F6E004D3AF3 /* AppDelegate.m in Sources */,
				4193E4341B13836000C59DED /* FavoriteTableViewController.m in Sources */,
				41F205D01B26029E009DF0E1 /* MenuOverlay.m in Sources */,
				41B2C2401B00E81F0009B582 /* QuestionBankTableViewController.m in Sources */,
				41F205CE1B26029E009DF0E1 /* PopupMenu.m in Sources */,
				41C5DDBD1B5B9B8A008E3BB5 /* AnswerSheetView.m in Sources */,
				41C306D21B02503A00C5B527 /* QuestionBankTableViewCell.m in Sources */,
				413EA8881B1B52F7009BC6B8 /* MoreSegmentTableViewCell.m in Sources */,
				4193E43D1B14CC6000C59DED /* ChaptersAndSections.m in Sources */,
				41F205CF1B26029E009DF0E1 /* MenuView.m in Sources */,
				4193E4401B16260A00C59DED /* ExamTableViewController.m in Sources */,
				41C306DB1B0366DA00C5B527 /* QuestionTableViewCell.m in Sources */,
				4167395F1AFBC8E100E5945A /* STE.xcdatamodeld in Sources */,
				413EA8851B1B204B009BC6B8 /* MoreTableViewController.m in Sources */,
				4193E42D1B12244600C59DED /* QuestionResultViewController.m in Sources */,
				4193E4431B16282B00C59DED /* ExamTableViewCell.m in Sources */,
				4193E4371B1383A200C59DED /* FavoriteTableViewCell.m in Sources */,
				41C5DDBA1B5A391A008E3BB5 /* STESettings.m in Sources */,
				41327CDB1AF91F6E004D3AF3 /* main.m in Sources */,
				413EA88B1B1B5307009BC6B8 /* MoreSwitchTableViewCell.m in Sources */,
				41C306E11B03675000C5B527 /* QuestionTableViewController.m in Sources */,
			);
			runOnlyForDeploymentPostprocessing = 0;
		};
		41327CED1AF91F6E004D3AF3 /* Sources */ = {
			isa = PBXSourcesBuildPhase;
			buildActionMask = 2147483647;
			files = (
				41327CF81AF91F6E004D3AF3 /* STETests.m in Sources */,
			);
			runOnlyForDeploymentPostprocessing = 0;
		};
/* End PBXSourcesBuildPhase section */

/* Begin PBXTargetDependency section */
		41327CF31AF91F6E004D3AF3 /* PBXTargetDependency */ = {
			isa = PBXTargetDependency;
			target = 41327CD41AF91F6E004D3AF3 /* STE */;
			targetProxy = 41327CF21AF91F6E004D3AF3 /* PBXContainerItemProxy */;
		};
/* End PBXTargetDependency section */

/* Begin PBXVariantGroup section */
		41327CE51AF91F6E004D3AF3 /* Main.storyboard */ = {
			isa = PBXVariantGroup;
			children = (
				41327CE61AF91F6E004D3AF3 /* Base */,
			);
			name = Main.storyboard;
			sourceTree = "<group>";
		};
		41327CEA1AF91F6E004D3AF3 /* LaunchScreen.xib */ = {
			isa = PBXVariantGroup;
			children = (
				41327CEB1AF91F6E004D3AF3 /* Base */,
			);
			name = LaunchScreen.xib;
			sourceTree = "<group>";
		};
/* End PBXVariantGroup section */

/* Begin XCBuildConfiguration section */
		41327CF91AF91F6E004D3AF3 /* Debug */ = {
			isa = XCBuildConfiguration;
			buildSettings = {
				ALWAYS_SEARCH_USER_PATHS = NO;
				CLANG_CXX_LANGUAGE_STANDARD = "gnu++0x";
				CLANG_CXX_LIBRARY = "libc++";
				CLANG_ENABLE_MODULES = YES;
				CLANG_ENABLE_OBJC_ARC = YES;
				CLANG_WARN_BOOL_CONVERSION = YES;
				CLANG_WARN_CONSTANT_CONVERSION = YES;
				CLANG_WARN_DIRECT_OBJC_ISA_USAGE = YES_ERROR;
				CLANG_WARN_EMPTY_BODY = YES;
				CLANG_WARN_ENUM_CONVERSION = YES;
				CLANG_WARN_INT_CONVERSION = YES;
				CLANG_WARN_OBJC_ROOT_CLASS = YES_ERROR;
				CLANG_WARN_UNREACHABLE_CODE = YES;
				CLANG_WARN__DUPLICATE_METHOD_MATCH = YES;
				"CODE_SIGN_IDENTITY[sdk=iphoneos*]" = "iPhone Developer";
				COPY_PHASE_STRIP = NO;
				DEBUG_INFORMATION_FORMAT = "dwarf-with-dsym";
				ENABLE_STRICT_OBJC_MSGSEND = YES;
				GCC_C_LANGUAGE_STANDARD = gnu99;
				GCC_DYNAMIC_NO_PIC = NO;
				GCC_NO_COMMON_BLOCKS = YES;
				GCC_OPTIMIZATION_LEVEL = 0;
				GCC_PREPROCESSOR_DEFINITIONS = (
					"DEBUG=1",
					"$(inherited)",
				);
				GCC_SYMBOLS_PRIVATE_EXTERN = NO;
				GCC_WARN_64_TO_32_BIT_CONVERSION = YES;
				GCC_WARN_ABOUT_RETURN_TYPE = YES_ERROR;
				GCC_WARN_UNDECLARED_SELECTOR = YES;
				GCC_WARN_UNINITIALIZED_AUTOS = YES_AGGRESSIVE;
				GCC_WARN_UNUSED_FUNCTION = YES;
				GCC_WARN_UNUSED_VARIABLE = YES;
				IPHONEOS_DEPLOYMENT_TARGET = 8.3;
				MTL_ENABLE_DEBUG_INFO = YES;
				ONLY_ACTIVE_ARCH = YES;
				SDKROOT = iphoneos;
			};
			name = Debug;
		};
		41327CFA1AF91F6E004D3AF3 /* Release */ = {
			isa = XCBuildConfiguration;
			buildSettings = {
				ALWAYS_SEARCH_USER_PATHS = NO;
				CLANG_CXX_LANGUAGE_STANDARD = "gnu++0x";
				CLANG_CXX_LIBRARY = "libc++";
				CLANG_ENABLE_MODULES = YES;
				CLANG_ENABLE_OBJC_ARC = YES;
				CLANG_WARN_BOOL_CONVERSION = YES;
				CLANG_WARN_CONSTANT_CONVERSION = YES;
				CLANG_WARN_DIRECT_OBJC_ISA_USAGE = YES_ERROR;
				CLANG_WARN_EMPTY_BODY = YES;
				CLANG_WARN_ENUM_CONVERSION = YES;
				CLANG_WARN_INT_CONVERSION = YES;
				CLANG_WARN_OBJC_ROOT_CLASS = YES_ERROR;
				CLANG_WARN_UNREACHABLE_CODE = YES;
				CLANG_WARN__DUPLICATE_METHOD_MATCH = YES;
				"CODE_SIGN_IDENTITY[sdk=iphoneos*]" = "iPhone Developer";
				COPY_PHASE_STRIP = NO;
				DEBUG_INFORMATION_FORMAT = "dwarf-with-dsym";
				ENABLE_NS_ASSERTIONS = NO;
				ENABLE_STRICT_OBJC_MSGSEND = YES;
				GCC_C_LANGUAGE_STANDARD = gnu99;
				GCC_NO_COMMON_BLOCKS = YES;
				GCC_WARN_64_TO_32_BIT_CONVERSION = YES;
				GCC_WARN_ABOUT_RETURN_TYPE = YES_ERROR;
				GCC_WARN_UNDECLARED_SELECTOR = YES;
				GCC_WARN_UNINITIALIZED_AUTOS = YES_AGGRESSIVE;
				GCC_WARN_UNUSED_FUNCTION = YES;
				GCC_WARN_UNUSED_VARIABLE = YES;
				IPHONEOS_DEPLOYMENT_TARGET = 8.3;
				MTL_ENABLE_DEBUG_INFO = NO;
				SDKROOT = iphoneos;
				VALIDATE_PRODUCT = YES;
			};
			name = Release;
		};
		41327CFC1AF91F6E004D3AF3 /* Debug */ = {
			isa = XCBuildConfiguration;
			buildSettings = {
				ASSETCATALOG_COMPILER_APPICON_NAME = AppIcon;
				ASSETCATALOG_COMPILER_LAUNCHIMAGE_NAME = LaunchImage;
				CODE_SIGN_IDENTITY = "iPhone Developer";
				"CODE_SIGN_IDENTITY[sdk=iphoneos*]" = "iPhone Developer";
				INFOPLIST_FILE = STE/Info.plist;
				LD_RUNPATH_SEARCH_PATHS = "$(inherited) @executable_path/Frameworks";
				PRODUCT_NAME = "$(TARGET_NAME)";
				PROVISIONING_PROFILE = "";
			};
			name = Debug;
		};
		41327CFD1AF91F6E004D3AF3 /* Release */ = {
			isa = XCBuildConfiguration;
			buildSettings = {
				ASSETCATALOG_COMPILER_APPICON_NAME = AppIcon;
				ASSETCATALOG_COMPILER_LAUNCHIMAGE_NAME = LaunchImage;
				CODE_SIGN_IDENTITY = "iPhone Developer";
				"CODE_SIGN_IDENTITY[sdk=iphoneos*]" = "iPhone Developer";
				INFOPLIST_FILE = STE/Info.plist;
				LD_RUNPATH_SEARCH_PATHS = "$(inherited) @executable_path/Frameworks";
				PRODUCT_NAME = "$(TARGET_NAME)";
				PROVISIONING_PROFILE = "";
			};
			name = Release;
		};
		41327CFF1AF91F6E004D3AF3 /* Debug */ = {
			isa = XCBuildConfiguration;
			buildSettings = {
				BUNDLE_LOADER = "$(TEST_HOST)";
				FRAMEWORK_SEARCH_PATHS = (
					"$(SDKROOT)/Developer/Library/Frameworks",
					"$(inherited)",
				);
				GCC_PREPROCESSOR_DEFINITIONS = (
					"DEBUG=1",
					"$(inherited)",
				);
				INFOPLIST_FILE = STETests/Info.plist;
				LD_RUNPATH_SEARCH_PATHS = "$(inherited) @executable_path/Frameworks @loader_path/Frameworks";
				PRODUCT_NAME = "$(TARGET_NAME)";
				TEST_HOST = "$(BUILT_PRODUCTS_DIR)/STE.app/STE";
			};
			name = Debug;
		};
		41327D001AF91F6E004D3AF3 /* Release */ = {
			isa = XCBuildConfiguration;
			buildSettings = {
				BUNDLE_LOADER = "$(TEST_HOST)";
				FRAMEWORK_SEARCH_PATHS = (
					"$(SDKROOT)/Developer/Library/Frameworks",
					"$(inherited)",
				);
				INFOPLIST_FILE = STETests/Info.plist;
				LD_RUNPATH_SEARCH_PATHS = "$(inherited) @executable_path/Frameworks @loader_path/Frameworks";
				PRODUCT_NAME = "$(TARGET_NAME)";
				TEST_HOST = "$(BUILT_PRODUCTS_DIR)/STE.app/STE";
			};
			name = Release;
		};
/* End XCBuildConfiguration section */

/* Begin XCConfigurationList section */
		41327CD01AF91F6E004D3AF3 /* Build configuration list for PBXProject "STE" */ = {
			isa = XCConfigurationList;
			buildConfigurations = (
				41327CF91AF91F6E004D3AF3 /* Debug */,
				41327CFA1AF91F6E004D3AF3 /* Release */,
			);
			defaultConfigurationIsVisible = 0;
			defaultConfigurationName = Release;
		};
		41327CFB1AF91F6E004D3AF3 /* Build configuration list for PBXNativeTarget "STE" */ = {
			isa = XCConfigurationList;
			buildConfigurations = (
				41327CFC1AF91F6E004D3AF3 /* Debug */,
				41327CFD1AF91F6E004D3AF3 /* Release */,
			);
			defaultConfigurationIsVisible = 0;
			defaultConfigurationName = Release;
		};
		41327CFE1AF91F6E004D3AF3 /* Build configuration list for PBXNativeTarget "STETests" */ = {
			isa = XCConfigurationList;
			buildConfigurations = (
				41327CFF1AF91F6E004D3AF3 /* Debug */,
				41327D001AF91F6E004D3AF3 /* Release */,
			);
			defaultConfigurationIsVisible = 0;
			defaultConfigurationName = Release;
		};
/* End XCConfigurationList section */

/* Begin XCVersionGroup section */
		4167395D1AFBC8E100E5945A /* STE.xcdatamodeld */ = {
			isa = XCVersionGroup;
			children = (
				4167395E1AFBC8E100E5945A /* STE.xcdatamodel */,
			);
			currentVersion = 4167395E1AFBC8E100E5945A /* STE.xcdatamodel */;
			path = STE.xcdatamodeld;
			sourceTree = "<group>";
			versionGroupType = wrapper.xcdatamodel;
		};
/* End XCVersionGroup section */
	};
	rootObject = 41327CCD1AF91F6E004D3AF3 /* Project object */;
}
